
Microsoft Visual Studio Solution File, Format Version 12.00
# Visual Studio Version 16
VisualStudioVersion = 16.0.29418.71
MinimumVisualStudioVersion = 10.0.40219.1
Project("{FAE04EC0-301F-11D3-BF4B-00C04F79EFBC}") = "vkr", "vkr\vkr.csproj", "{BDD760C4-5895-4D1F-AC3E-CA80C3D42CF8}"
EndProject
Global
	GlobalSection(SolutionConfigurationPlatforms) = preSolution
		Debug|Any CPU = Debug|Any CPU
		Release|Any CPU = Release|Any CPU
	EndGlobalSection
	GlobalSection(ProjectConfigurationPlatforms) = postSolution
		{BDD760C4-5895-4D1F-AC3E-CA80C3D42CF8}.Debug|Any CPU.ActiveCfg = Debug|Any CPU
		{BDD760C4-5895-4D1F-AC3E-CA80C3D42CF8}.Debug|Any CPU.Build.0 = Debug|Any CPU
		{BDD760C4-5895-4D1F-AC3E-CA80C3D42CF8}.Release|Any CPU.ActiveCfg = Release|Any CPU
		{BDD760C4-5895-4D1F-AC3E-CA80C3D42CF8}.Release|Any CPU.Build.0 = Release|Any CPU
	EndGlobalSection
	GlobalSection(SolutionProperties) = preSolution
		HideSolutionNode = FALSE
	EndGlobalSection
	GlobalSection(ExtensibilityGlobals) = postSolution
		SolutionGuid = {2C137E28-C355-4D9E-8493-649D220FC67C}
	EndGlobalSection
EndGlobal
